
Microsoft Visual Studio Solution File, Format Version 12.00
# Visual Studio 15
VisualStudioVersion = 15.0.28307.1321
MinimumVisualStudioVersion = 10.0.40219.1
Project("{FAE04EC0-301F-11D3-BF4B-00C04F79EFBC}") = "PluralKitTelegram", "PluralKitTelegram\PluralKitTelegram.csproj", "{7C2CE13B-79AA-402E-9538-94527F3C616C}"
EndProject
Global
	GlobalSection(SolutionConfigurationPlatforms) = preSolution
		Debug|Any CPU = Debug|Any CPU
		Release|Any CPU = Release|Any CPU
	EndGlobalSection
	GlobalSection(ProjectConfigurationPlatforms) = postSolution
		{7C2CE13B-79AA-402E-9538-94527F3C616C}.Debug|Any CPU.ActiveCfg = Debug|Any CPU
		{7C2CE13B-79AA-402E-9538-94527F3C616C}.Debug|Any CPU.Build.0 = Debug|Any CPU
		{7C2CE13B-79AA-402E-9538-94527F3C616C}.Release|Any CPU.ActiveCfg = Release|Any CPU
		{7C2CE13B-79AA-402E-9538-94527F3C616C}.Release|Any CPU.Build.0 = Release|Any CPU
	EndGlobalSection
	GlobalSection(SolutionProperties) = preSolution
		HideSolutionNode = FALSE
	EndGlobalSection
	GlobalSection(ExtensibilityGlobals) = postSolution
		SolutionGuid = {4E71AEF7-5FAE-4996-A772-FA2D533A14BD}
	EndGlobalSection
EndGlobal
